
Microsoft Visual Studio Solution File, Format Version 12.00
# Visual Studio Version 16
VisualStudioVersion = 16.0.31205.134
MinimumVisualStudioVersion = 10.0.40219.1
Project("{9A19103F-16F7-4668-BE54-9A1E7A4F7556}") = "CarDealer", "Cardealer\CarDealer.csproj", "{9C0DD9AD-AFE2-4C95-8F81-2835E9069799}"
EndProject
Project("{FAE04EC0-301F-11D3-BF4B-00C04F79EFBC}") = "Cardealer.Tests", "Cardealer.Tests\Cardealer.Tests.csproj", "{561D636E-3F5B-4E02-90E4-867607852DAF}"
EndProject
Global
	GlobalSection(SolutionConfigurationPlatforms) = preSolution
		Debug|Any CPU = Debug|Any CPU
		Release|Any CPU = Release|Any CPU
	EndGlobalSection
	GlobalSection(ProjectConfigurationPlatforms) = postSolution
		{9C0DD9AD-AFE2-4C95-8F81-2835E9069799}.Debug|Any CPU.ActiveCfg = Debug|Any CPU
		{9C0DD9AD-AFE2-4C95-8F81-2835E9069799}.Debug|Any CPU.Build.0 = Debug|Any CPU
		{9C0DD9AD-AFE2-4C95-8F81-2835E9069799}.Release|Any CPU.ActiveCfg = Release|Any CPU
		{9C0DD9AD-AFE2-4C95-8F81-2835E9069799}.Release|Any CPU.Build.0 = Release|Any CPU
		{561D636E-3F5B-4E02-90E4-867607852DAF}.Debug|Any CPU.ActiveCfg = Debug|Any CPU
		{561D636E-3F5B-4E02-90E4-867607852DAF}.Debug|Any CPU.Build.0 = Debug|Any CPU
		{561D636E-3F5B-4E02-90E4-867607852DAF}.Release|Any CPU.ActiveCfg = Release|Any CPU
		{561D636E-3F5B-4E02-90E4-867607852DAF}.Release|Any CPU.Build.0 = Release|Any CPU
	EndGlobalSection
	GlobalSection(SolutionProperties) = preSolution
		HideSolutionNode = FALSE
	EndGlobalSection
	GlobalSection(ExtensibilityGlobals) = postSolution
		SolutionGuid = {ADD90672-62FE-44D6-A2F9-508022A7B28B}
	EndGlobalSection
EndGlobal
