
Microsoft Visual Studio Solution File, Format Version 12.00
# Visual Studio Version 16
VisualStudioVersion = 16.0.31205.134
MinimumVisualStudioVersion = 10.0.40219.1
Project("{9A19103F-16F7-4668-BE54-9A1E7A4F7556}") = "FlyingObjects", "FlyingObjects\FlyingObjects.csproj", "{C4ACB71A-81CA-4926-BEC9-34A0F1D70D49}"
EndProject
Project("{FAE04EC0-301F-11D3-BF4B-00C04F79EFBC}") = "FlyingObjects.Tests", "FlyingObjects.Tests\FlyingObjects.Tests.csproj", "{182FD6BE-7BA8-4093-82AC-B9E32384987F}"
EndProject
Global
	GlobalSection(SolutionConfigurationPlatforms) = preSolution
		Debug|Any CPU = Debug|Any CPU
		Release|Any CPU = Release|Any CPU
	EndGlobalSection
	GlobalSection(ProjectConfigurationPlatforms) = postSolution
		{C4ACB71A-81CA-4926-BEC9-34A0F1D70D49}.Debug|Any CPU.ActiveCfg = Debug|Any CPU
		{C4ACB71A-81CA-4926-BEC9-34A0F1D70D49}.Debug|Any CPU.Build.0 = Debug|Any CPU
		{C4ACB71A-81CA-4926-BEC9-34A0F1D70D49}.Release|Any CPU.ActiveCfg = Release|Any CPU
		{C4ACB71A-81CA-4926-BEC9-34A0F1D70D49}.Release|Any CPU.Build.0 = Release|Any CPU
		{182FD6BE-7BA8-4093-82AC-B9E32384987F}.Debug|Any CPU.ActiveCfg = Debug|Any CPU
		{182FD6BE-7BA8-4093-82AC-B9E32384987F}.Debug|Any CPU.Build.0 = Debug|Any CPU
		{182FD6BE-7BA8-4093-82AC-B9E32384987F}.Release|Any CPU.ActiveCfg = Release|Any CPU
		{182FD6BE-7BA8-4093-82AC-B9E32384987F}.Release|Any CPU.Build.0 = Release|Any CPU
	EndGlobalSection
	GlobalSection(SolutionProperties) = preSolution
		HideSolutionNode = FALSE
	EndGlobalSection
	GlobalSection(ExtensibilityGlobals) = postSolution
		SolutionGuid = {77F4ECDA-C6E8-40C5-9C51-66EFB12F54AB}
	EndGlobalSection
EndGlobal
