
Microsoft Visual Studio Solution File, Format Version 12.00
# Visual Studio Version 16
VisualStudioVersion = 16.0.31205.134
MinimumVisualStudioVersion = 10.0.40219.1
Project("{9A19103F-16F7-4668-BE54-9A1E7A4F7556}") = "Homework-6", "Triangles\Homework-6.csproj", "{36F35E45-91D2-4DDD-9ABE-B3D1D94879EB}"
EndProject
Project("{9A19103F-16F7-4668-BE54-9A1E7A4F7556}") = "Triangles.Tests", "Triangles.Tests\Triangles.Tests.csproj", "{E2540A7A-87DB-47DC-BDBB-7488921DB89F}"
EndProject
Global
	GlobalSection(SolutionConfigurationPlatforms) = preSolution
		Debug|Any CPU = Debug|Any CPU
		Release|Any CPU = Release|Any CPU
	EndGlobalSection
	GlobalSection(ProjectConfigurationPlatforms) = postSolution
		{36F35E45-91D2-4DDD-9ABE-B3D1D94879EB}.Debug|Any CPU.ActiveCfg = Debug|Any CPU
		{36F35E45-91D2-4DDD-9ABE-B3D1D94879EB}.Debug|Any CPU.Build.0 = Debug|Any CPU
		{36F35E45-91D2-4DDD-9ABE-B3D1D94879EB}.Release|Any CPU.ActiveCfg = Release|Any CPU
		{36F35E45-91D2-4DDD-9ABE-B3D1D94879EB}.Release|Any CPU.Build.0 = Release|Any CPU
		{E2540A7A-87DB-47DC-BDBB-7488921DB89F}.Debug|Any CPU.ActiveCfg = Debug|Any CPU
		{E2540A7A-87DB-47DC-BDBB-7488921DB89F}.Debug|Any CPU.Build.0 = Debug|Any CPU
		{E2540A7A-87DB-47DC-BDBB-7488921DB89F}.Release|Any CPU.ActiveCfg = Release|Any CPU
		{E2540A7A-87DB-47DC-BDBB-7488921DB89F}.Release|Any CPU.Build.0 = Release|Any CPU
	EndGlobalSection
	GlobalSection(SolutionProperties) = preSolution
		HideSolutionNode = FALSE
	EndGlobalSection
	GlobalSection(ExtensibilityGlobals) = postSolution
		SolutionGuid = {5AA7297D-88C8-438B-A55D-4E1F7E1A45D0}
	EndGlobalSection
EndGlobal
